
Microsoft Visual Studio Solution File, Format Version 12.00
# Visual Studio Version 16
VisualStudioVersion = 16.0.30413.136
MinimumVisualStudioVersion = 15.0.26124.0
Project("{9A19103F-16F7-4668-BE54-9A1E7A4F7556}") = "CSharpCompilation", "CSharpCompilation\CSharpCompilation.csproj", "{20AAA4E8-285D-4659-A578-8F5DE896C0A4}"
EndProject
Project("{9A19103F-16F7-4668-BE54-9A1E7A4F7556}") = "CSharpScripting", "CSharpScripting\CSharpScripting.csproj", "{0B86AC94-0F73-4F03-8131-9A21360FAA19}"
EndProject
Project("{9A19103F-16F7-4668-BE54-9A1E7A4F7556}") = "CodeDomCompilation", "CodeDomCompilation\CodeDomCompilation.csproj", "{B9534DEE-D52A-4DE6-8788-3BF6A7B159FD}"
EndProject
Project("{FAE04EC0-301F-11D3-BF4B-00C04F79EFBC}") = "CodeDomCompilation.NetFramework", "CodeDomCompilation.NetFramework\CodeDomCompilation.NetFramework.csproj", "{57D0640A-901D-40FE-9436-85B7525B4B2B}"
EndProject
Global
	GlobalSection(SolutionConfigurationPlatforms) = preSolution
		Debug|Any CPU = Debug|Any CPU
		Debug|x64 = Debug|x64
		Debug|x86 = Debug|x86
		Release|Any CPU = Release|Any CPU
		Release|x64 = Release|x64
		Release|x86 = Release|x86
	EndGlobalSection
	GlobalSection(ProjectConfigurationPlatforms) = postSolution
		{20AAA4E8-285D-4659-A578-8F5DE896C0A4}.Debug|Any CPU.ActiveCfg = Debug|Any CPU
		{20AAA4E8-285D-4659-A578-8F5DE896C0A4}.Debug|Any CPU.Build.0 = Debug|Any CPU
		{20AAA4E8-285D-4659-A578-8F5DE896C0A4}.Debug|x64.ActiveCfg = Debug|Any CPU
		{20AAA4E8-285D-4659-A578-8F5DE896C0A4}.Debug|x64.Build.0 = Debug|Any CPU
		{20AAA4E8-285D-4659-A578-8F5DE896C0A4}.Debug|x86.ActiveCfg = Debug|Any CPU
		{20AAA4E8-285D-4659-A578-8F5DE896C0A4}.Debug|x86.Build.0 = Debug|Any CPU
		{20AAA4E8-285D-4659-A578-8F5DE896C0A4}.Release|Any CPU.ActiveCfg = Release|Any CPU
		{20AAA4E8-285D-4659-A578-8F5DE896C0A4}.Release|Any CPU.Build.0 = Release|Any CPU
		{20AAA4E8-285D-4659-A578-8F5DE896C0A4}.Release|x64.ActiveCfg = Release|Any CPU
		{20AAA4E8-285D-4659-A578-8F5DE896C0A4}.Release|x64.Build.0 = Release|Any CPU
		{20AAA4E8-285D-4659-A578-8F5DE896C0A4}.Release|x86.ActiveCfg = Release|Any CPU
		{20AAA4E8-285D-4659-A578-8F5DE896C0A4}.Release|x86.Build.0 = Release|Any CPU
		{0B86AC94-0F73-4F03-8131-9A21360FAA19}.Debug|Any CPU.ActiveCfg = Debug|Any CPU
		{0B86AC94-0F73-4F03-8131-9A21360FAA19}.Debug|Any CPU.Build.0 = Debug|Any CPU
		{0B86AC94-0F73-4F03-8131-9A21360FAA19}.Debug|x64.ActiveCfg = Debug|Any CPU
		{0B86AC94-0F73-4F03-8131-9A21360FAA19}.Debug|x64.Build.0 = Debug|Any CPU
		{0B86AC94-0F73-4F03-8131-9A21360FAA19}.Debug|x86.ActiveCfg = Debug|Any CPU
		{0B86AC94-0F73-4F03-8131-9A21360FAA19}.Debug|x86.Build.0 = Debug|Any CPU
		{0B86AC94-0F73-4F03-8131-9A21360FAA19}.Release|Any CPU.ActiveCfg = Release|Any CPU
		{0B86AC94-0F73-4F03-8131-9A21360FAA19}.Release|Any CPU.Build.0 = Release|Any CPU
		{0B86AC94-0F73-4F03-8131-9A21360FAA19}.Release|x64.ActiveCfg = Release|Any CPU
		{0B86AC94-0F73-4F03-8131-9A21360FAA19}.Release|x64.Build.0 = Release|Any CPU
		{0B86AC94-0F73-4F03-8131-9A21360FAA19}.Release|x86.ActiveCfg = Release|Any CPU
		{0B86AC94-0F73-4F03-8131-9A21360FAA19}.Release|x86.Build.0 = Release|Any CPU
		{B9534DEE-D52A-4DE6-8788-3BF6A7B159FD}.Debug|Any CPU.ActiveCfg = Debug|Any CPU
		{B9534DEE-D52A-4DE6-8788-3BF6A7B159FD}.Debug|Any CPU.Build.0 = Debug|Any CPU
		{B9534DEE-D52A-4DE6-8788-3BF6A7B159FD}.Debug|x64.ActiveCfg = Debug|Any CPU
		{B9534DEE-D52A-4DE6-8788-3BF6A7B159FD}.Debug|x64.Build.0 = Debug|Any CPU
		{B9534DEE-D52A-4DE6-8788-3BF6A7B159FD}.Debug|x86.ActiveCfg = Debug|Any CPU
		{B9534DEE-D52A-4DE6-8788-3BF6A7B159FD}.Debug|x86.Build.0 = Debug|Any CPU
		{B9534DEE-D52A-4DE6-8788-3BF6A7B159FD}.Release|Any CPU.ActiveCfg = Release|Any CPU
		{B9534DEE-D52A-4DE6-8788-3BF6A7B159FD}.Release|Any CPU.Build.0 = Release|Any CPU
		{B9534DEE-D52A-4DE6-8788-3BF6A7B159FD}.Release|x64.ActiveCfg = Release|Any CPU
		{B9534DEE-D52A-4DE6-8788-3BF6A7B159FD}.Release|x64.Build.0 = Release|Any CPU
		{B9534DEE-D52A-4DE6-8788-3BF6A7B159FD}.Release|x86.ActiveCfg = Release|Any CPU
		{B9534DEE-D52A-4DE6-8788-3BF6A7B159FD}.Release|x86.Build.0 = Release|Any CPU
		{57D0640A-901D-40FE-9436-85B7525B4B2B}.Debug|Any CPU.ActiveCfg = Debug|Any CPU
		{57D0640A-901D-40FE-9436-85B7525B4B2B}.Debug|Any CPU.Build.0 = Debug|Any CPU
		{57D0640A-901D-40FE-9436-85B7525B4B2B}.Debug|x64.ActiveCfg = Debug|Any CPU
		{57D0640A-901D-40FE-9436-85B7525B4B2B}.Debug|x64.Build.0 = Debug|Any CPU
		{57D0640A-901D-40FE-9436-85B7525B4B2B}.Debug|x86.ActiveCfg = Debug|Any CPU
		{57D0640A-901D-40FE-9436-85B7525B4B2B}.Debug|x86.Build.0 = Debug|Any CPU
		{57D0640A-901D-40FE-9436-85B7525B4B2B}.Release|Any CPU.ActiveCfg = Release|Any CPU
		{57D0640A-901D-40FE-9436-85B7525B4B2B}.Release|Any CPU.Build.0 = Release|Any CPU
		{57D0640A-901D-40FE-9436-85B7525B4B2B}.Release|x64.ActiveCfg = Release|Any CPU
		{57D0640A-901D-40FE-9436-85B7525B4B2B}.Release|x64.Build.0 = Release|Any CPU
		{57D0640A-901D-40FE-9436-85B7525B4B2B}.Release|x86.ActiveCfg = Release|Any CPU
		{57D0640A-901D-40FE-9436-85B7525B4B2B}.Release|x86.Build.0 = Release|Any CPU
	EndGlobalSection
	GlobalSection(SolutionProperties) = preSolution
		HideSolutionNode = FALSE
	EndGlobalSection
	GlobalSection(ExtensibilityGlobals) = postSolution
		SolutionGuid = {458EEF9F-8C10-4EAE-8F62-CA91A318B413}
	EndGlobalSection
EndGlobal
