
Microsoft Visual Studio Solution File, Format Version 12.00
# Visual Studio Version 16
VisualStudioVersion = 16.0.30413.136
MinimumVisualStudioVersion = 15.0.26124.0
Project("{2150E333-8FDC-42A3-9474-1A3956D46DE8}") = "Shared", "Shared", "{091C1CD3-0D40-478F-B17B-8D09A4F19C99}"
EndProject
Project("{2150E333-8FDC-42A3-9474-1A3956D46DE8}") = "Android", "Android", "{8730A0EE-54F9-4F32-B060-66CEFE63E244}"
EndProject
Project("{2150E333-8FDC-42A3-9474-1A3956D46DE8}") = "iOS", "iOS", "{19DA2719-D633-4F0E-B32B-8DA5BA5054B9}"
EndProject
Project("{9A19103F-16F7-4668-BE54-9A1E7A4F7556}") = "ScriptingLibrary", "Shared\ScriptingLibrary\ScriptingLibrary.csproj", "{8035DC4A-4037-44DA-84DE-138E8A860374}"
EndProject
Project("{9A19103F-16F7-4668-BE54-9A1E7A4F7556}") = "ScriptingLibraryTests", "Shared\ScriptingLibraryTests\ScriptingLibraryTests.csproj", "{46A68ED5-3FCD-4DF0-88A7-1F6A56B7338E}"
EndProject
Project("{FAE04EC0-301F-11D3-BF4B-00C04F79EFBC}") = "ScriptingLibraryAndroidTests", "ScriptingLibraryAndroidTests\ScriptingLibraryAndroidTests.csproj", "{3E7A32C0-C907-4B45-A479-7A3C3DF5F780}"
EndProject
Global
	GlobalSection(SolutionConfigurationPlatforms) = preSolution
		Debug|Any CPU = Debug|Any CPU
		Debug|iPhone = Debug|iPhone
		Debug|iPhoneSimulator = Debug|iPhoneSimulator
		Release|Any CPU = Release|Any CPU
		Release|iPhone = Release|iPhone
		Release|iPhoneSimulator = Release|iPhoneSimulator
	EndGlobalSection
	GlobalSection(ProjectConfigurationPlatforms) = postSolution
		{8035DC4A-4037-44DA-84DE-138E8A860374}.Debug|Any CPU.ActiveCfg = Debug|Any CPU
		{8035DC4A-4037-44DA-84DE-138E8A860374}.Debug|Any CPU.Build.0 = Debug|Any CPU
		{8035DC4A-4037-44DA-84DE-138E8A860374}.Debug|iPhone.ActiveCfg = Debug|Any CPU
		{8035DC4A-4037-44DA-84DE-138E8A860374}.Debug|iPhone.Build.0 = Debug|Any CPU
		{8035DC4A-4037-44DA-84DE-138E8A860374}.Debug|iPhoneSimulator.ActiveCfg = Debug|Any CPU
		{8035DC4A-4037-44DA-84DE-138E8A860374}.Debug|iPhoneSimulator.Build.0 = Debug|Any CPU
		{8035DC4A-4037-44DA-84DE-138E8A860374}.Release|Any CPU.ActiveCfg = Release|Any CPU
		{8035DC4A-4037-44DA-84DE-138E8A860374}.Release|Any CPU.Build.0 = Release|Any CPU
		{8035DC4A-4037-44DA-84DE-138E8A860374}.Release|iPhone.ActiveCfg = Release|Any CPU
		{8035DC4A-4037-44DA-84DE-138E8A860374}.Release|iPhone.Build.0 = Release|Any CPU
		{8035DC4A-4037-44DA-84DE-138E8A860374}.Release|iPhoneSimulator.ActiveCfg = Release|Any CPU
		{8035DC4A-4037-44DA-84DE-138E8A860374}.Release|iPhoneSimulator.Build.0 = Release|Any CPU
		{46A68ED5-3FCD-4DF0-88A7-1F6A56B7338E}.Debug|Any CPU.ActiveCfg = Debug|Any CPU
		{46A68ED5-3FCD-4DF0-88A7-1F6A56B7338E}.Debug|Any CPU.Build.0 = Debug|Any CPU
		{46A68ED5-3FCD-4DF0-88A7-1F6A56B7338E}.Debug|iPhone.ActiveCfg = Debug|Any CPU
		{46A68ED5-3FCD-4DF0-88A7-1F6A56B7338E}.Debug|iPhone.Build.0 = Debug|Any CPU
		{46A68ED5-3FCD-4DF0-88A7-1F6A56B7338E}.Debug|iPhoneSimulator.ActiveCfg = Debug|Any CPU
		{46A68ED5-3FCD-4DF0-88A7-1F6A56B7338E}.Debug|iPhoneSimulator.Build.0 = Debug|Any CPU
		{46A68ED5-3FCD-4DF0-88A7-1F6A56B7338E}.Release|Any CPU.ActiveCfg = Release|Any CPU
		{46A68ED5-3FCD-4DF0-88A7-1F6A56B7338E}.Release|Any CPU.Build.0 = Release|Any CPU
		{46A68ED5-3FCD-4DF0-88A7-1F6A56B7338E}.Release|iPhone.ActiveCfg = Release|Any CPU
		{46A68ED5-3FCD-4DF0-88A7-1F6A56B7338E}.Release|iPhone.Build.0 = Release|Any CPU
		{46A68ED5-3FCD-4DF0-88A7-1F6A56B7338E}.Release|iPhoneSimulator.ActiveCfg = Release|Any CPU
		{46A68ED5-3FCD-4DF0-88A7-1F6A56B7338E}.Release|iPhoneSimulator.Build.0 = Release|Any CPU
		{3E7A32C0-C907-4B45-A479-7A3C3DF5F780}.Debug|Any CPU.ActiveCfg = Debug|Any CPU
		{3E7A32C0-C907-4B45-A479-7A3C3DF5F780}.Debug|Any CPU.Build.0 = Debug|Any CPU
		{3E7A32C0-C907-4B45-A479-7A3C3DF5F780}.Debug|Any CPU.Deploy.0 = Debug|Any CPU
		{3E7A32C0-C907-4B45-A479-7A3C3DF5F780}.Debug|iPhone.ActiveCfg = Debug|Any CPU
		{3E7A32C0-C907-4B45-A479-7A3C3DF5F780}.Debug|iPhone.Build.0 = Debug|Any CPU
		{3E7A32C0-C907-4B45-A479-7A3C3DF5F780}.Debug|iPhone.Deploy.0 = Debug|Any CPU
		{3E7A32C0-C907-4B45-A479-7A3C3DF5F780}.Debug|iPhoneSimulator.ActiveCfg = Debug|Any CPU
		{3E7A32C0-C907-4B45-A479-7A3C3DF5F780}.Debug|iPhoneSimulator.Build.0 = Debug|Any CPU
		{3E7A32C0-C907-4B45-A479-7A3C3DF5F780}.Debug|iPhoneSimulator.Deploy.0 = Debug|Any CPU
		{3E7A32C0-C907-4B45-A479-7A3C3DF5F780}.Release|Any CPU.ActiveCfg = Release|Any CPU
		{3E7A32C0-C907-4B45-A479-7A3C3DF5F780}.Release|Any CPU.Build.0 = Release|Any CPU
		{3E7A32C0-C907-4B45-A479-7A3C3DF5F780}.Release|Any CPU.Deploy.0 = Release|Any CPU
		{3E7A32C0-C907-4B45-A479-7A3C3DF5F780}.Release|iPhone.ActiveCfg = Release|Any CPU
		{3E7A32C0-C907-4B45-A479-7A3C3DF5F780}.Release|iPhone.Build.0 = Release|Any CPU
		{3E7A32C0-C907-4B45-A479-7A3C3DF5F780}.Release|iPhone.Deploy.0 = Release|Any CPU
		{3E7A32C0-C907-4B45-A479-7A3C3DF5F780}.Release|iPhoneSimulator.ActiveCfg = Release|Any CPU
		{3E7A32C0-C907-4B45-A479-7A3C3DF5F780}.Release|iPhoneSimulator.Build.0 = Release|Any CPU
		{3E7A32C0-C907-4B45-A479-7A3C3DF5F780}.Release|iPhoneSimulator.Deploy.0 = Release|Any CPU
	EndGlobalSection
	GlobalSection(SolutionProperties) = preSolution
		HideSolutionNode = FALSE
	EndGlobalSection
	GlobalSection(NestedProjects) = preSolution
		{8035DC4A-4037-44DA-84DE-138E8A860374} = {091C1CD3-0D40-478F-B17B-8D09A4F19C99}
		{46A68ED5-3FCD-4DF0-88A7-1F6A56B7338E} = {091C1CD3-0D40-478F-B17B-8D09A4F19C99}
		{3E7A32C0-C907-4B45-A479-7A3C3DF5F780} = {8730A0EE-54F9-4F32-B060-66CEFE63E244}
	EndGlobalSection
	GlobalSection(ExtensibilityGlobals) = postSolution
		SolutionGuid = {458EEF9F-8C10-4EAE-8F62-CA91A318B413}
	EndGlobalSection
EndGlobal
